
Microsoft Visual Studio Solution File, Format Version 12.00
# Visual Studio Version 17
VisualStudioVersion = 17.3.32929.385
MinimumVisualStudioVersion = 10.0.40219.1
Project("{FAE04EC0-301F-11D3-BF4B-00C04F79EFBC}") = "TargetFaturamentoMensal", "TargetFaturamentoMensal.csproj", "{0E3F1D31-BAFC-4A86-AC07-314D3B376D24}"
EndProject
Global
	GlobalSection(SolutionConfigurationPlatforms) = preSolution
		Debug|Any CPU = Debug|Any CPU
		Release|Any CPU = Release|Any CPU
	EndGlobalSection
	GlobalSection(ProjectConfigurationPlatforms) = postSolution
		{0E3F1D31-BAFC-4A86-AC07-314D3B376D24}.Debug|Any CPU.ActiveCfg = Debug|Any CPU
		{0E3F1D31-BAFC-4A86-AC07-314D3B376D24}.Debug|Any CPU.Build.0 = Debug|Any CPU
		{0E3F1D31-BAFC-4A86-AC07-314D3B376D24}.Release|Any CPU.ActiveCfg = Release|Any CPU
		{0E3F1D31-BAFC-4A86-AC07-314D3B376D24}.Release|Any CPU.Build.0 = Release|Any CPU
	EndGlobalSection
	GlobalSection(SolutionProperties) = preSolution
		HideSolutionNode = FALSE
	EndGlobalSection
	GlobalSection(ExtensibilityGlobals) = postSolution
		SolutionGuid = {CF6B94B1-A2C5-4C16-A061-B94D61912213}
	EndGlobalSection
EndGlobal
